// !$*UTF8*$!
{
	archiveVersion = 1;
	classes = {
	};
	objectVersion = 56;
	objects = {

/* Begin PBXBuildFile section */
		045B76942A025B41004C3391 /* main.m in Sources */ = {isa = PBXBuildFile; fileRef = 045B76932A025B41004C3391 /* main.m */; };
		045B76B42A0265D2004C3391 /* main.m in Sources */ = {isa = PBXBuildFile; fileRef = 045B76B32A0265D2004C3391 /* main.m */; };
/* End PBXBuildFile section */

/* Begin PBXCopyFilesBuildPhase section */
		045B768E2A025B41004C3391 /* CopyFiles */ = {
			isa = PBXCopyFilesBuildPhase;
			buildActionMask = 2147483647;
			dstPath = /usr/share/man/man1/;
			dstSubfolderSpec = 0;
			files = (
			);
			runOnlyForDeploymentPostprocessing = 1;
		};
		045B76AD2A02659B004C3391 /* CopyFiles */ = {
			isa = PBXCopyFilesBuildPhase;
			buildActionMask = 2147483647;
			dstPath = /usr/share/man/man1/;
			dstSubfolderSpec = 0;
			files = (
			);
			runOnlyForDeploymentPostprocessing = 1;
		};
/* End PBXCopyFilesBuildPhase section */

/* Begin PBXFileReference section */
		045B76902A025B41004C3391 /* HJ77 火车进站 */ = {isa = PBXFileReference; explicitFileType = "compiled.mach-o.executable"; includeInIndex = 0; path = "HJ77 火车进站"; sourceTree = BUILT_PRODUCTS_DIR; };
		045B76932A025B41004C3391 /* main.m */ = {isa = PBXFileReference; lastKnownFileType = sourcecode.c.objc; path = main.m; sourceTree = "<group>"; };
		045B76B12A02659B004C3391 /* HJ77 火车进站_优化 */ = {isa = PBXFileReference; explicitFileType = "compiled.mach-o.executable"; includeInIndex = 0; path = "HJ77 火车进站_优化"; sourceTree = BUILT_PRODUCTS_DIR; };
		045B76B32A0265D2004C3391 /* main.m */ = {isa = PBXFileReference; fileEncoding = 4; lastKnownFileType = sourcecode.c.objc; path = main.m; sourceTree = "<group>"; };
/* End PBXFileReference section */

/* Begin PBXFrameworksBuildPhase section */
		045B768D2A025B41004C3391 /* Frameworks */ = {
			isa = PBXFrameworksBuildPhase;
			buildActionMask = 2147483647;
			files = (
			);
			runOnlyForDeploymentPostprocessing = 0;
		};
		045B76AC2A02659B004C3391 /* Frameworks */ = {
			isa = PBXFrameworksBuildPhase;
			buildActionMask = 2147483647;
			files = (
			);
			runOnlyForDeploymentPostprocessing = 0;
		};
/* End PBXFrameworksBuildPhase section */

/* Begin PBXGroup section */
		045B76872A025B41004C3391 = {
			isa = PBXGroup;
			children = (
				045B76B22A0265D2004C3391 /* HJ77 火车进站_优化 */,
				045B76922A025B41004C3391 /* HJ77 火车进站 */,
				045B76912A025B41004C3391 /* Products */,
			);
			sourceTree = "<group>";
		};
		045B76912A025B41004C3391 /* Products */ = {
			isa = PBXGroup;
			children = (
				045B76902A025B41004C3391 /* HJ77 火车进站 */,
				045B76B12A02659B004C3391 /* HJ77 火车进站_优化 */,
			);
			name = Products;
			sourceTree = "<group>";
		};
		045B76922A025B41004C3391 /* HJ77 火车进站 */ = {
			isa = PBXGroup;
			children = (
				045B76932A025B41004C3391 /* main.m */,
			);
			path = "HJ77 火车进站";
			sourceTree = "<group>";
		};
		045B76B22A0265D2004C3391 /* HJ77 火车进站_优化 */ = {
			isa = PBXGroup;
			children = (
				045B76B32A0265D2004C3391 /* main.m */,
			);
			path = "HJ77 火车进站_优化";
			sourceTree = "<group>";
		};
/* End PBXGroup section */

/* Begin PBXNativeTarget section */
		045B768F2A025B41004C3391 /* HJ77 火车进站 */ = {
			isa = PBXNativeTarget;
			buildConfigurationList = 045B76972A025B41004C3391 /* Build configuration list for PBXNativeTarget "HJ77 火车进站" */;
			buildPhases = (
				045B768C2A025B41004C3391 /* Sources */,
				045B768D2A025B41004C3391 /* Frameworks */,
				045B768E2A025B41004C3391 /* CopyFiles */,
			);
			buildRules = (
			);
			dependencies = (
			);
			name = "HJ77 火车进站";
			productName = "HJ77 火车进站";
			productReference = 045B76902A025B41004C3391 /* HJ77 火车进站 */;
			productType = "com.apple.product-type.tool";
		};
		045B76A92A02659B004C3391 /* HJ77 火车进站_优化 */ = {
			isa = PBXNativeTarget;
			buildConfigurationList = 045B76AE2A02659B004C3391 /* Build configuration list for PBXNativeTarget "HJ77 火车进站_优化" */;
			buildPhases = (
				045B76AA2A02659B004C3391 /* Sources */,
				045B76AC2A02659B004C3391 /* Frameworks */,
				045B76AD2A02659B004C3391 /* CopyFiles */,
			);
			buildRules = (
			);
			dependencies = (
			);
			name = "HJ77 火车进站_优化";
			productName = "HJ77 火车进站";
			productReference = 045B76B12A02659B004C3391 /* HJ77 火车进站_优化 */;
			productType = "com.apple.product-type.tool";
		};
/* End PBXNativeTarget section */

/* Begin PBXProject section */
		045B76882A025B41004C3391 /* Project object */ = {
			isa = PBXProject;
			attributes = {
				BuildIndependentTargetsInParallel = 1;
				LastUpgradeCheck = 1430;
				TargetAttributes = {
					045B768F2A025B41004C3391 = {
						CreatedOnToolsVersion = 14.3;
					};
				};
			};
			buildConfigurationList = 045B768B2A025B41004C3391 /* Build configuration list for PBXProject "HJ77 火车进站" */;
			compatibilityVersion = "Xcode 14.0";
			developmentRegion = en;
			hasScannedForEncodings = 0;
			knownRegions = (
				en,
				Base,
			);
			mainGroup = 045B76872A025B41004C3391;
			productRefGroup = 045B76912A025B41004C3391 /* Products */;
			projectDirPath = "";
			projectRoot = "";
			targets = (
				045B768F2A025B41004C3391 /* HJ77 火车进站 */,
				045B76A92A02659B004C3391 /* HJ77 火车进站_优化 */,
			);
		};
/* End PBXProject section */

/* Begin PBXSourcesBuildPhase section */
		045B768C2A025B41004C3391 /* Sources */ = {
			isa = PBXSourcesBuildPhase;
			buildActionMask = 2147483647;
			files = (
				045B76942A025B41004C3391 /* main.m in Sources */,
			);
			runOnlyForDeploymentPostprocessing = 0;
		};
		045B76AA2A02659B004C3391 /* Sources */ = {
			isa = PBXSourcesBuildPhase;
			buildActionMask = 2147483647;
			files = (
				045B76B42A0265D2004C3391 /* main.m in Sources */,
			);
			runOnlyForDeploymentPostprocessing = 0;
		};
/* End PBXSourcesBuildPhase section */

/* Begin XCBuildConfiguration section */
		045B76952A025B41004C3391 /* Debug */ = {
			isa = XCBuildConfiguration;
			buildSettings = {
				ALWAYS_SEARCH_USER_PATHS = NO;
				CLANG_ANALYZER_NONNULL = YES;
				CLANG_ANALYZER_NUMBER_OBJECT_CONVERSION = YES_AGGRESSIVE;
				CLANG_CXX_LANGUAGE_STANDARD = "gnu++20";
				CLANG_ENABLE_MODULES = YES;
				CLANG_ENABLE_OBJC_ARC = YES;
				CLANG_ENABLE_OBJC_WEAK = YES;
				CLANG_WARN_BLOCK_CAPTURE_AUTORELEASING = YES;
				CLANG_WARN_BOOL_CONVERSION = YES;
				CLANG_WARN_COMMA = YES;
				CLANG_WARN_CONSTANT_CONVERSION = YES;
				CLANG_WARN_DEPRECATED_OBJC_IMPLEMENTATIONS = YES;
				CLANG_WARN_DIRECT_OBJC_ISA_USAGE = YES_ERROR;
				CLANG_WARN_DOCUMENTATION_COMMENTS = YES;
				CLANG_WARN_EMPTY_BODY = YES;
				CLANG_WARN_ENUM_CONVERSION = YES;
				CLANG_WARN_INFINITE_RECURSION = YES;
				CLANG_WARN_INT_CONVERSION = YES;
				CLANG_WARN_NON_LITERAL_NULL_CONVERSION = YES;
				CLANG_WARN_OBJC_IMPLICIT_RETAIN_SELF = YES;
				CLANG_WARN_OBJC_LITERAL_CONVERSION = YES;
				CLANG_WARN_OBJC_ROOT_CLASS = YES_ERROR;
				CLANG_WARN_QUOTED_INCLUDE_IN_FRAMEWORK_HEADER = YES;
				CLANG_WARN_RANGE_LOOP_ANALYSIS = YES;
				CLANG_WARN_STRICT_PROTOTYPES = YES;
				CLANG_WARN_SUSPICIOUS_MOVE = YES;
				CLANG_WARN_UNGUARDED_AVAILABILITY = YES_AGGRESSIVE;
				CLANG_WARN_UNREACHABLE_CODE = YES;
				CLANG_WARN__DUPLICATE_METHOD_MATCH = YES;
				COPY_PHASE_STRIP = NO;
				DEBUG_INFORMATION_FORMAT = dwarf;
				ENABLE_STRICT_OBJC_MSGSEND = YES;
				ENABLE_TESTABILITY = YES;
				GCC_C_LANGUAGE_STANDARD = gnu11;
				GCC_DYNAMIC_NO_PIC = NO;
				GCC_NO_COMMON_BLOCKS = YES;
				GCC_OPTIMIZATION_LEVEL = 0;
				GCC_PREPROCESSOR_DEFINITIONS = (
					"DEBUG=1",
					"$(inherited)",
				);
				GCC_WARN_64_TO_32_BIT_CONVERSION = YES;
				GCC_WARN_ABOUT_RETURN_TYPE = YES_ERROR;
				GCC_WARN_UNDECLARED_SELECTOR = YES;
				GCC_WARN_UNINITIALIZED_AUTOS = YES_AGGRESSIVE;
				GCC_WARN_UNUSED_FUNCTION = YES;
				GCC_WARN_UNUSED_VARIABLE = YES;
				MACOSX_DEPLOYMENT_TARGET = 13.3;
				MTL_ENABLE_DEBUG_INFO = INCLUDE_SOURCE;
				MTL_FAST_MATH = YES;
				ONLY_ACTIVE_ARCH = YES;
				SDKROOT = macosx;
			};
			name = Debug;
		};
		045B76962A025B41004C3391 /* Release */ = {
			isa = XCBuildConfiguration;
			buildSettings = {
				ALWAYS_SEARCH_USER_PATHS = NO;
				CLANG_ANALYZER_NONNULL = YES;
				CLANG_ANALYZER_NUMBER_OBJECT_CONVERSION = YES_AGGRESSIVE;
				CLANG_CXX_LANGUAGE_STANDARD = "gnu++20";
				CLANG_ENABLE_MODULES = YES;
				CLANG_ENABLE_OBJC_ARC = YES;
				CLANG_ENABLE_OBJC_WEAK = YES;
				CLANG_WARN_BLOCK_CAPTURE_AUTORELEASING = YES;
				CLANG_WARN_BOOL_CONVERSION = YES;
				CLANG_WARN_COMMA = YES;
				CLANG_WARN_CONSTANT_CONVERSION = YES;
				CLANG_WARN_DEPRECATED_OBJC_IMPLEMENTATIONS = YES;
				CLANG_WARN_DIRECT_OBJC_ISA_USAGE = YES_ERROR;
				CLANG_WARN_DOCUMENTATION_COMMENTS = YES;
				CLANG_WARN_EMPTY_BODY = YES;
				CLANG_WARN_ENUM_CONVERSION = YES;
				CLANG_WARN_INFINITE_RECURSION = YES;
				CLANG_WARN_INT_CONVERSION = YES;
				CLANG_WARN_NON_LITERAL_NULL_CONVERSION = YES;
				CLANG_WARN_OBJC_IMPLICIT_RETAIN_SELF = YES;
				CLANG_WARN_OBJC_LITERAL_CONVERSION = YES;
				CLANG_WARN_OBJC_ROOT_CLASS = YES_ERROR;
				CLANG_WARN_QUOTED_INCLUDE_IN_FRAMEWORK_HEADER = YES;
				CLANG_WARN_RANGE_LOOP_ANALYSIS = YES;
				CLANG_WARN_STRICT_PROTOTYPES = YES;
				CLANG_WARN_SUSPICIOUS_MOVE = YES;
				CLANG_WARN_UNGUARDED_AVAILABILITY = YES_AGGRESSIVE;
				CLANG_WARN_UNREACHABLE_CODE = YES;
				CLANG_WARN__DUPLICATE_METHOD_MATCH = YES;
				COPY_PHASE_STRIP = NO;
				DEBUG_INFORMATION_FORMAT = "dwarf-with-dsym";
				ENABLE_NS_ASSERTIONS = NO;
				ENABLE_STRICT_OBJC_MSGSEND = YES;
				GCC_C_LANGUAGE_STANDARD = gnu11;
				GCC_NO_COMMON_BLOCKS = YES;
				GCC_WARN_64_TO_32_BIT_CONVERSION = YES;
				GCC_WARN_ABOUT_RETURN_TYPE = YES_ERROR;
				GCC_WARN_UNDECLARED_SELECTOR = YES;
				GCC_WARN_UNINITIALIZED_AUTOS = YES_AGGRESSIVE;
				GCC_WARN_UNUSED_FUNCTION = YES;
				GCC_WARN_UNUSED_VARIABLE = YES;
				MACOSX_DEPLOYMENT_TARGET = 13.3;
				MTL_ENABLE_DEBUG_INFO = NO;
				MTL_FAST_MATH = YES;
				SDKROOT = macosx;
			};
			name = Release;
		};
		045B76982A025B41004C3391 /* Debug */ = {
			isa = XCBuildConfiguration;
			buildSettings = {
				CODE_SIGN_STYLE = Automatic;
				DEVELOPMENT_TEAM = 32UR38A9MG;
				ENABLE_HARDENED_RUNTIME = YES;
				PRODUCT_NAME = "$(TARGET_NAME)";
			};
			name = Debug;
		};
		045B76992A025B41004C3391 /* Release */ = {
			isa = XCBuildConfiguration;
			buildSettings = {
				CODE_SIGN_STYLE = Automatic;
				DEVELOPMENT_TEAM = 32UR38A9MG;
				ENABLE_HARDENED_RUNTIME = YES;
				PRODUCT_NAME = "$(TARGET_NAME)";
			};
			name = Release;
		};
		045B76AF2A02659B004C3391 /* Debug */ = {
			isa = XCBuildConfiguration;
			buildSettings = {
				CODE_SIGN_STYLE = Automatic;
				DEVELOPMENT_TEAM = 32UR38A9MG;
				ENABLE_HARDENED_RUNTIME = YES;
				PRODUCT_NAME = "$(TARGET_NAME)";
			};
			name = Debug;
		};
		045B76B02A02659B004C3391 /* Release */ = {
			isa = XCBuildConfiguration;
			buildSettings = {
				CODE_SIGN_STYLE = Automatic;
				DEVELOPMENT_TEAM = 32UR38A9MG;
				ENABLE_HARDENED_RUNTIME = YES;
				PRODUCT_NAME = "$(TARGET_NAME)";
			};
			name = Release;
		};
/* End XCBuildConfiguration section */

/* Begin XCConfigurationList section */
		045B768B2A025B41004C3391 /* Build configuration list for PBXProject "HJ77 火车进站" */ = {
			isa = XCConfigurationList;
			buildConfigurations = (
				045B76952A025B41004C3391 /* Debug */,
				045B76962A025B41004C3391 /* Release */,
			);
			defaultConfigurationIsVisible = 0;
			defaultConfigurationName = Release;
		};
		045B76972A025B41004C3391 /* Build configuration list for PBXNativeTarget "HJ77 火车进站" */ = {
			isa = XCConfigurationList;
			buildConfigurations = (
				045B76982A025B41004C3391 /* Debug */,
				045B76992A025B41004C3391 /* Release */,
			);
			defaultConfigurationIsVisible = 0;
			defaultConfigurationName = Release;
		};
		045B76AE2A02659B004C3391 /* Build configuration list for PBXNativeTarget "HJ77 火车进站_优化" */ = {
			isa = XCConfigurationList;
			buildConfigurations = (
				045B76AF2A02659B004C3391 /* Debug */,
				045B76B02A02659B004C3391 /* Release */,
			);
			defaultConfigurationIsVisible = 0;
			defaultConfigurationName = Release;
		};
/* End XCConfigurationList section */
	};
	rootObject = 045B76882A025B41004C3391 /* Project object */;
}
